
Microsoft Visual Studio Solution File, Format Version 12.00
# Visual Studio Version 17
VisualStudioVersion = 17.13.35806.99 d17.13
MinimumVisualStudioVersion = 10.0.40219.1
Project("{FAE04EC0-301F-11D3-BF4B-00C04F79EFBC}") = "CircleApp", "CircleApp\CircleApp.csproj", "{809E9D93-178F-40AB-AE46-A46221284312}"
EndProject
Project("{FAE04EC0-301F-11D3-BF4B-00C04F79EFBC}") = "CircleApp.Data", "CircleApp.Data\CircleApp.Data.csproj", "{091EA69F-3C50-4858-B6D5-4EE01F5A0DD1}"
EndProject
Global
	GlobalSection(SolutionConfigurationPlatforms) = preSolution
		Debug|Any CPU = Debug|Any CPU
		Release|Any CPU = Release|Any CPU
	EndGlobalSection
	GlobalSection(ProjectConfigurationPlatforms) = postSolution
		{809E9D93-178F-40AB-AE46-A46221284312}.Debug|Any CPU.ActiveCfg = Debug|Any CPU
		{809E9D93-178F-40AB-AE46-A46221284312}.Debug|Any CPU.Build.0 = Debug|Any CPU
		{809E9D93-178F-40AB-AE46-A46221284312}.Release|Any CPU.ActiveCfg = Release|Any CPU
		{809E9D93-178F-40AB-AE46-A46221284312}.Release|Any CPU.Build.0 = Release|Any CPU
		{091EA69F-3C50-4858-B6D5-4EE01F5A0DD1}.Debug|Any CPU.ActiveCfg = Debug|Any CPU
		{091EA69F-3C50-4858-B6D5-4EE01F5A0DD1}.Debug|Any CPU.Build.0 = Debug|Any CPU
		{091EA69F-3C50-4858-B6D5-4EE01F5A0DD1}.Release|Any CPU.ActiveCfg = Release|Any CPU
		{091EA69F-3C50-4858-B6D5-4EE01F5A0DD1}.Release|Any CPU.Build.0 = Release|Any CPU
	EndGlobalSection
	GlobalSection(SolutionProperties) = preSolution
		HideSolutionNode = FALSE
	EndGlobalSection
	GlobalSection(ExtensibilityGlobals) = postSolution
		SolutionGuid = {5E6BA61A-C952-4265-99D8-63030F640A5D}
	EndGlobalSection
EndGlobal
